
Microsoft Visual Studio Solution File, Format Version 12.00
# Visual Studio Version 17
VisualStudioVersion = 17.4.33213.308
MinimumVisualStudioVersion = 10.0.40219.1
Project("{FAE04EC0-301F-11D3-BF4B-00C04F79EFBC}") = "biblioBack", "biblioBack\biblioBack.csproj", "{986154C0-B7C6-49A0-898B-9354B6FBCFF8}"
EndProject
Global
	GlobalSection(SolutionConfigurationPlatforms) = preSolution
		Debug|Any CPU = Debug|Any CPU
		Release|Any CPU = Release|Any CPU
	EndGlobalSection
	GlobalSection(ProjectConfigurationPlatforms) = postSolution
		{986154C0-B7C6-49A0-898B-9354B6FBCFF8}.Debug|Any CPU.ActiveCfg = Debug|Any CPU
		{986154C0-B7C6-49A0-898B-9354B6FBCFF8}.Debug|Any CPU.Build.0 = Debug|Any CPU
		{986154C0-B7C6-49A0-898B-9354B6FBCFF8}.Release|Any CPU.ActiveCfg = Release|Any CPU
		{986154C0-B7C6-49A0-898B-9354B6FBCFF8}.Release|Any CPU.Build.0 = Release|Any CPU
	EndGlobalSection
	GlobalSection(SolutionProperties) = preSolution
		HideSolutionNode = FALSE
	EndGlobalSection
	GlobalSection(ExtensibilityGlobals) = postSolution
		SolutionGuid = {28AA6F17-5377-459B-BB60-A71F67D1C471}
	EndGlobalSection
EndGlobal
